
Microsoft Visual Studio Solution File, Format Version 12.00
# Visual Studio Version 17
VisualStudioVersion = 17.8.34330.188
MinimumVisualStudioVersion = 10.0.40219.1
Project("{54A90642-561A-4BB1-A94E-469ADEE60C69}") = "WorldCities", "WorldCities\WorldCities.esproj", "{90C12713-2426-4C53-A47C-DD0340F51BBB}"
EndProject
Project("{9A19103F-16F7-4668-BE54-9A1E7A4F7556}") = "WorldCitiesAPI", "WorldCitiesAPI\WorldCitiesAPI.csproj", "{2F77F28F-9606-4CA8-AB7C-0939FE40A007}"
EndProject
Project("{9A19103F-16F7-4668-BE54-9A1E7A4F7556}") = "WorldCitiesAPI.Tests", "WorldCitiesAPI.Tests\WorldCitiesAPI.Tests.csproj", "{DF32FC0C-6434-4F67-A6E3-A24B3691CFB6}"
EndProject
Global
	GlobalSection(SolutionConfigurationPlatforms) = preSolution
		Debug|Any CPU = Debug|Any CPU
		Release|Any CPU = Release|Any CPU
	EndGlobalSection
	GlobalSection(ProjectConfigurationPlatforms) = postSolution
		{90C12713-2426-4C53-A47C-DD0340F51BBB}.Debug|Any CPU.ActiveCfg = Debug|Any CPU
		{90C12713-2426-4C53-A47C-DD0340F51BBB}.Debug|Any CPU.Build.0 = Debug|Any CPU
		{90C12713-2426-4C53-A47C-DD0340F51BBB}.Debug|Any CPU.Deploy.0 = Debug|Any CPU
		{90C12713-2426-4C53-A47C-DD0340F51BBB}.Release|Any CPU.ActiveCfg = Release|Any CPU
		{90C12713-2426-4C53-A47C-DD0340F51BBB}.Release|Any CPU.Build.0 = Release|Any CPU
		{90C12713-2426-4C53-A47C-DD0340F51BBB}.Release|Any CPU.Deploy.0 = Release|Any CPU
		{2F77F28F-9606-4CA8-AB7C-0939FE40A007}.Debug|Any CPU.ActiveCfg = Debug|Any CPU
		{2F77F28F-9606-4CA8-AB7C-0939FE40A007}.Debug|Any CPU.Build.0 = Debug|Any CPU
		{2F77F28F-9606-4CA8-AB7C-0939FE40A007}.Release|Any CPU.ActiveCfg = Release|Any CPU
		{2F77F28F-9606-4CA8-AB7C-0939FE40A007}.Release|Any CPU.Build.0 = Release|Any CPU
		{DF32FC0C-6434-4F67-A6E3-A24B3691CFB6}.Debug|Any CPU.ActiveCfg = Debug|Any CPU
		{DF32FC0C-6434-4F67-A6E3-A24B3691CFB6}.Debug|Any CPU.Build.0 = Debug|Any CPU
		{DF32FC0C-6434-4F67-A6E3-A24B3691CFB6}.Release|Any CPU.ActiveCfg = Release|Any CPU
		{DF32FC0C-6434-4F67-A6E3-A24B3691CFB6}.Release|Any CPU.Build.0 = Release|Any CPU
	EndGlobalSection
	GlobalSection(SolutionProperties) = preSolution
		HideSolutionNode = FALSE
	EndGlobalSection
	GlobalSection(ExtensibilityGlobals) = postSolution
		SolutionGuid = {E10D338B-CE49-4A9A-981D-8C52D6F8357E}
	EndGlobalSection
EndGlobal
